
Microsoft Visual Studio Solution File, Format Version 12.00
# Visual Studio 2012
Project("{FAE04EC0-301F-11D3-BF4B-00C04F79EFBC}") = "RemoteSqlTest", "RemoteSqlTest\RemoteSqlTest.csproj", "{82C01B8F-3CC3-47C9-BC16-23986D821A37}"
EndProject
Project("{FAE04EC0-301F-11D3-BF4B-00C04F79EFBC}") = "RemoteObject", "RemoteObject\RemoteObject.csproj", "{AA31DD7C-5BA4-4266-9601-5AB29CACA06B}"
EndProject
Project("{FAE04EC0-301F-11D3-BF4B-00C04F79EFBC}") = "RemoteServer", "RemoteServer\RemoteServer.csproj", "{1AE3213B-ADC2-4385-BF19-30071118033C}"
EndProject
Global
	GlobalSection(SolutionConfigurationPlatforms) = preSolution
		Debug|Any CPU = Debug|Any CPU
		Release|Any CPU = Release|Any CPU
	EndGlobalSection
	GlobalSection(ProjectConfigurationPlatforms) = postSolution
		{82C01B8F-3CC3-47C9-BC16-23986D821A37}.Debug|Any CPU.ActiveCfg = Debug|Any CPU
		{82C01B8F-3CC3-47C9-BC16-23986D821A37}.Debug|Any CPU.Build.0 = Debug|Any CPU
		{82C01B8F-3CC3-47C9-BC16-23986D821A37}.Release|Any CPU.ActiveCfg = Release|Any CPU
		{82C01B8F-3CC3-47C9-BC16-23986D821A37}.Release|Any CPU.Build.0 = Release|Any CPU
		{AA31DD7C-5BA4-4266-9601-5AB29CACA06B}.Debug|Any CPU.ActiveCfg = Debug|Any CPU
		{AA31DD7C-5BA4-4266-9601-5AB29CACA06B}.Debug|Any CPU.Build.0 = Debug|Any CPU
		{AA31DD7C-5BA4-4266-9601-5AB29CACA06B}.Release|Any CPU.ActiveCfg = Release|Any CPU
		{AA31DD7C-5BA4-4266-9601-5AB29CACA06B}.Release|Any CPU.Build.0 = Release|Any CPU
		{1AE3213B-ADC2-4385-BF19-30071118033C}.Debug|Any CPU.ActiveCfg = Debug|Any CPU
		{1AE3213B-ADC2-4385-BF19-30071118033C}.Debug|Any CPU.Build.0 = Debug|Any CPU
		{1AE3213B-ADC2-4385-BF19-30071118033C}.Release|Any CPU.ActiveCfg = Release|Any CPU
		{1AE3213B-ADC2-4385-BF19-30071118033C}.Release|Any CPU.Build.0 = Release|Any CPU
	EndGlobalSection
	GlobalSection(SolutionProperties) = preSolution
		HideSolutionNode = FALSE
	EndGlobalSection
EndGlobal
